<?xml version="1.0" encoding="utf-8"?>
<Project ToolsVersion="4.0" xmlns="http://schemas.microsoft.com/developer/msbuild/2003">
  <ItemGroup>
    <Filter Include="src">
      <UniqueIdentifier>{4FC737F1-C7A5-4376-A066-2A32D752A2FF}</UniqueIdentifier>
      <Extensions>cpp;c;cc;cxx;def;odl;idl;hpj;bat;asm;asmx</Extensions>
    </Filter>
    <Filter Include="inc">
      <UniqueIdentifier>{93995380-89BD-4b04-88EB-625FBE52EBFB}</UniqueIdentifier>
      <Extensions>h;hpp;hxx;hm;inl;inc;xsd</Extensions>
    </Filter>
  </ItemGroup>
  <ItemGroup>
    <ClCompile Include="src\2de_IncludeAllTU.cpp">
      <Filter>src</Filter>
    </ClCompile>
  </ItemGroup>
  <ItemGroup>
    <ClInclude Include="inc\2de_Box.h">
      <Filter>inc</Filter>
    </ClInclude>
    <ClInclude Include="inc\2de_Config.h">
      <Filter>inc</Filter>
    </ClInclude>
    <ClInclude Include="inc\2de_Core.h">
      <Filter>inc</Filter>
    </ClInclude>
    <ClInclude Include="inc\2de_DebugBox.h">
      <Filter>inc</Filter>
    </ClInclude>
    <ClInclude Include="inc\2de_Engine.h">
      <Filter>inc</Filter>
    </ClInclude>
    <ClInclude Include="inc\2de_Event.h">
      <Filter>inc</Filter>
    </ClInclude>
    <ClInclude Include="inc\2de_Factory.h">
      <Filter>inc</Filter>
    </ClInclude>
    <ClInclude Include="inc\2de_GameObject.h">
      <Filter>inc</Filter>
    </ClInclude>
    <ClInclude Include="inc\2de_GameUtils.h">
      <Filter>inc</Filter>
    </ClInclude>
    <ClInclude Include="inc\2de_GeometricComponent.h">
      <Filter>inc</Filter>
    </ClInclude>
    <ClInclude Include="inc\2de_Geometry.h">
      <Filter>inc</Filter>
    </ClInclude>
    <ClInclude Include="inc\2de_GraphicsHigh.h">
      <Filter>inc</Filter>
    </ClInclude>
    <ClInclude Include="inc\2de_GraphicsLow.h">
      <Filter>inc</Filter>
    </ClInclude>
    <ClInclude Include="inc\2de_ImageUtils.h">
      <Filter>inc</Filter>
    </ClInclude>
    <ClInclude Include="inc\2de_Input.h">
      <Filter>inc</Filter>
    </ClInclude>
    <ClInclude Include="inc\2de_Log.h">
      <Filter>inc</Filter>
    </ClInclude>
    <ClInclude Include="inc\2de_LuaUtils.h">
      <Filter>inc</Filter>
    </ClInclude>
    <ClInclude Include="inc\2de_Math.h">
      <Filter>inc</Filter>
    </ClInclude>
    <ClInclude Include="inc\2de_Matrix2.h">
      <Filter>inc</Filter>
    </ClInclude>
    <ClInclude Include="inc\2de_Object.h">
      <Filter>inc</Filter>
    </ClInclude>
    <ClInclude Include="inc\2de_Physics.h">
      <Filter>inc</Filter>
    </ClInclude>
    <ClInclude Include="inc\2de_PlaceableComponent.h">
      <Filter>inc</Filter>
    </ClInclude>
    <ClInclude Include="inc\2de_Property.h">
      <Filter>inc</Filter>
    </ClInclude>
    <ClInclude Include="inc\2de_Prototype.h">
      <Filter>inc</Filter>
    </ClInclude>
    <ClInclude Include="inc\2de_RenderableComponent.h">
      <Filter>inc</Filter>
    </ClInclude>
    <ClInclude Include="inc\2de_Resource.h">
      <Filter>inc</Filter>
    </ClInclude>
    <ClInclude Include="inc\2de_RGBA.h">
      <Filter>inc</Filter>
    </ClInclude>
    <ClInclude Include="inc\2de_RTTI.h">
      <Filter>inc</Filter>
    </ClInclude>
    <ClInclude Include="inc\2de_Serialization.h">
      <Filter>inc</Filter>
    </ClInclude>
    <ClInclude Include="inc\2de_Sound.h">
      <Filter>inc</Filter>
    </ClInclude>
    <ClInclude Include="inc\2de_SpatialManager.h">
      <Filter>inc</Filter>
    </ClInclude>
    <ClInclude Include="inc\2de_Storage.h">
      <Filter>inc</Filter>
    </ClInclude>
    <ClInclude Include="inc\2de_Text.h">
      <Filter>inc</Filter>
    </ClInclude>
    <ClInclude Include="inc\2de_TimerComponent.h">
      <Filter>inc</Filter>
    </ClInclude>
    <ClInclude Include="inc\2de_Vector2.h">
      <Filter>inc</Filter>
    </ClInclude>
    <ClInclude Include="inc\2de_Vector3.h">
      <Filter>inc</Filter>
    </ClInclude>
    <ClInclude Include="inc\2de_Visitor.h">
      <Filter>inc</Filter>
    </ClInclude>
    <ClInclude Include="inc\2de_Xml.h">
      <Filter>inc</Filter>
    </ClInclude>
    <ClInclude Include="inc\2de_Memory.h">
      <Filter>inc</Filter>
    </ClInclude>
    <ClInclude Include="inc\2de_Define.h">
      <Filter>inc</Filter>
    </ClInclude>
  </ItemGroup>
</Project>